// !$*UTF8*$!
{
	archiveVersion = 1;
	classes = {
	};
	objectVersion = 50;
	objects = {

/* Begin PBXBuildFile section */
		FFF88951270C4E0E00192C2F /* AppDelegate.swift in Sources */ = {isa = PBXBuildFile; fileRef = FFF88950270C4E0E00192C2F /* AppDelegate.swift */; };
		FFF88953270C4E0E00192C2F /* SceneDelegate.swift in Sources */ = {isa = PBXBuildFile; fileRef = FFF88952270C4E0E00192C2F /* SceneDelegate.swift */; };
		FFF88955270C4E0E00192C2F /* ViewController.swift in Sources */ = {isa = PBXBuildFile; fileRef = FFF88954270C4E0E00192C2F /* ViewController.swift */; };
		FFF88958270C4E0E00192C2F /* Main.storyboard in Resources */ = {isa = PBXBuildFile; fileRef = FFF88956270C4E0E00192C2F /* Main.storyboard */; };
		FFF8895A270C4E0E00192C2F /* Assets.xcassets in Resources */ = {isa = PBXBuildFile; fileRef = FFF88959270C4E0E00192C2F /* Assets.xcassets */; };
		FFF8895D270C4E0E00192C2F /* LaunchScreen.storyboard in Resources */ = {isa = PBXBuildFile; fileRef = FFF8895B270C4E0E00192C2F /* LaunchScreen.storyboard */; };
		FFF88968270C4E6A00192C2F /* SideMenu.xib in Resources */ = {isa = PBXBuildFile; fileRef = FFF88966270C4E6A00192C2F /* SideMenu.xib */; };
		FFF88969270C4E6A00192C2F /* SideMenuView.swift in Sources */ = {isa = PBXBuildFile; fileRef = FFF88967270C4E6A00192C2F /* SideMenuView.swift */; };
		FFF8896E270C4F7900192C2F /* Device.swift in Sources */ = {isa = PBXBuildFile; fileRef = FFF8896C270C4F7900192C2F /* Device.swift */; };
/* End PBXBuildFile section */

/* Begin PBXFileReference section */
		FFF8894D270C4E0E00192C2F /* SideMenuDemo.app */ = {isa = PBXFileReference; explicitFileType = wrapper.application; includeInIndex = 0; path = SideMenuDemo.app; sourceTree = BUILT_PRODUCTS_DIR; };
		FFF88950270C4E0E00192C2F /* AppDelegate.swift */ = {isa = PBXFileReference; lastKnownFileType = sourcecode.swift; path = AppDelegate.swift; sourceTree = "<group>"; };
		FFF88952270C4E0E00192C2F /* SceneDelegate.swift */ = {isa = PBXFileReference; lastKnownFileType = sourcecode.swift; path = SceneDelegate.swift; sourceTree = "<group>"; };
		FFF88954270C4E0E00192C2F /* ViewController.swift */ = {isa = PBXFileReference; lastKnownFileType = sourcecode.swift; path = ViewController.swift; sourceTree = "<group>"; };
		FFF88957270C4E0E00192C2F /* Base */ = {isa = PBXFileReference; lastKnownFileType = file.storyboard; name = Base; path = Base.lproj/Main.storyboard; sourceTree = "<group>"; };
		FFF88959270C4E0E00192C2F /* Assets.xcassets */ = {isa = PBXFileReference; lastKnownFileType = folder.assetcatalog; path = Assets.xcassets; sourceTree = "<group>"; };
		FFF8895C270C4E0E00192C2F /* Base */ = {isa = PBXFileReference; lastKnownFileType = file.storyboard; name = Base; path = Base.lproj/LaunchScreen.storyboard; sourceTree = "<group>"; };
		FFF8895E270C4E0E00192C2F /* Info.plist */ = {isa = PBXFileReference; lastKnownFileType = text.plist.xml; path = Info.plist; sourceTree = "<group>"; };
		FFF88966270C4E6A00192C2F /* SideMenu.xib */ = {isa = PBXFileReference; fileEncoding = 4; lastKnownFileType = file.xib; path = SideMenu.xib; sourceTree = "<group>"; };
		FFF88967270C4E6A00192C2F /* SideMenuView.swift */ = {isa = PBXFileReference; fileEncoding = 4; lastKnownFileType = sourcecode.swift; path = SideMenuView.swift; sourceTree = "<group>"; };
		FFF8896C270C4F7900192C2F /* Device.swift */ = {isa = PBXFileReference; fileEncoding = 4; lastKnownFileType = sourcecode.swift; path = Device.swift; sourceTree = "<group>"; };
/* End PBXFileReference section */

/* Begin PBXFrameworksBuildPhase section */
		FFF8894A270C4E0E00192C2F /* Frameworks */ = {
			isa = PBXFrameworksBuildPhase;
			buildActionMask = 2147483647;
			files = (
			);
			runOnlyForDeploymentPostprocessing = 0;
		};
/* End PBXFrameworksBuildPhase section */

/* Begin PBXGroup section */
		FFF88944270C4E0E00192C2F = {
			isa = PBXGroup;
			children = (
				FFF8894F270C4E0E00192C2F /* SideMenuDemo */,
				FFF8894E270C4E0E00192C2F /* Products */,
			);
			sourceTree = "<group>";
		};
		FFF8894E270C4E0E00192C2F /* Products */ = {
			isa = PBXGroup;
			children = (
				FFF8894D270C4E0E00192C2F /* SideMenuDemo.app */,
			);
			name = Products;
			sourceTree = "<group>";
		};
		FFF8894F270C4E0E00192C2F /* SideMenuDemo */ = {
			isa = PBXGroup;
			children = (
				FFF88965270C4E3F00192C2F /* SideMenu */,
				FFF88950270C4E0E00192C2F /* AppDelegate.swift */,
				FFF88952270C4E0E00192C2F /* SceneDelegate.swift */,
				FFF88954270C4E0E00192C2F /* ViewController.swift */,
				FFF88956270C4E0E00192C2F /* Main.storyboard */,
				FFF88959270C4E0E00192C2F /* Assets.xcassets */,
				FFF8895B270C4E0E00192C2F /* LaunchScreen.storyboard */,
				FFF8895E270C4E0E00192C2F /* Info.plist */,
			);
			path = SideMenuDemo;
			sourceTree = "<group>";
		};
		FFF88965270C4E3F00192C2F /* SideMenu */ = {
			isa = PBXGroup;
			children = (
				FFF8896C270C4F7900192C2F /* Device.swift */,
				FFF88966270C4E6A00192C2F /* SideMenu.xib */,
				FFF88967270C4E6A00192C2F /* SideMenuView.swift */,
			);
			path = SideMenu;
			sourceTree = "<group>";
		};
/* End PBXGroup section */

/* Begin PBXNativeTarget section */
		FFF8894C270C4E0E00192C2F /* SideMenuDemo */ = {
			isa = PBXNativeTarget;
			buildConfigurationList = FFF88961270C4E0E00192C2F /* Build configuration list for PBXNativeTarget "SideMenuDemo" */;
			buildPhases = (
				FFF88949270C4E0E00192C2F /* Sources */,
				FFF8894A270C4E0E00192C2F /* Frameworks */,
				FFF8894B270C4E0E00192C2F /* Resources */,
			);
			buildRules = (
			);
			dependencies = (
			);
			name = SideMenuDemo;
			productName = SideMenuDemo;
			productReference = FFF8894D270C4E0E00192C2F /* SideMenuDemo.app */;
			productType = "com.apple.product-type.application";
		};
/* End PBXNativeTarget section */

/* Begin PBXProject section */
		FFF88945270C4E0E00192C2F /* Project object */ = {
			isa = PBXProject;
			attributes = {
				LastSwiftUpdateCheck = 1220;
				LastUpgradeCheck = 1220;
				TargetAttributes = {
					FFF8894C270C4E0E00192C2F = {
						CreatedOnToolsVersion = 12.2;
					};
				};
			};
			buildConfigurationList = FFF88948270C4E0E00192C2F /* Build configuration list for PBXProject "SideMenuDemo" */;
			compatibilityVersion = "Xcode 9.3";
			developmentRegion = en;
			hasScannedForEncodings = 0;
			knownRegions = (
				en,
				Base,
			);
			mainGroup = FFF88944270C4E0E00192C2F;
			productRefGroup = FFF8894E270C4E0E00192C2F /* Products */;
			projectDirPath = "";
			projectRoot = "";
			targets = (
				FFF8894C270C4E0E00192C2F /* SideMenuDemo */,
			);
		};
/* End PBXProject section */

/* Begin PBXResourcesBuildPhase section */
		FFF8894B270C4E0E00192C2F /* Resources */ = {
			isa = PBXResourcesBuildPhase;
			buildActionMask = 2147483647;
			files = (
				FFF8895D270C4E0E00192C2F /* LaunchScreen.storyboard in Resources */,
				FFF8895A270C4E0E00192C2F /* Assets.xcassets in Resources */,
				FFF88958270C4E0E00192C2F /* Main.storyboard in Resources */,
				FFF88968270C4E6A00192C2F /* SideMenu.xib in Resources */,
			);
			runOnlyForDeploymentPostprocessing = 0;
		};
/* End PBXResourcesBuildPhase section */

/* Begin PBXSourcesBuildPhase section */
		FFF88949270C4E0E00192C2F /* Sources */ = {
			isa = PBXSourcesBuildPhase;
			buildActionMask = 2147483647;
			files = (
				FFF88955270C4E0E00192C2F /* ViewController.swift in Sources */,
				FFF88951270C4E0E00192C2F /* AppDelegate.swift in Sources */,
				FFF88969270C4E6A00192C2F /* SideMenuView.swift in Sources */,
				FFF8896E270C4F7900192C2F /* Device.swift in Sources */,
				FFF88953270C4E0E00192C2F /* SceneDelegate.swift in Sources */,
			);
			runOnlyForDeploymentPostprocessing = 0;
		};
/* End PBXSourcesBuildPhase section */

/* Begin PBXVariantGroup section */
		FFF88956270C4E0E00192C2F /* Main.storyboard */ = {
			isa = PBXVariantGroup;
			children = (
				FFF88957270C4E0E00192C2F /* Base */,
			);
			name = Main.storyboard;
			sourceTree = "<group>";
		};
		FFF8895B270C4E0E00192C2F /* LaunchScreen.storyboard */ = {
			isa = PBXVariantGroup;
			children = (
				FFF8895C270C4E0E00192C2F /* Base */,
			);
			name = LaunchScreen.storyboard;
			sourceTree = "<group>";
		};
/* End PBXVariantGroup section */

/* Begin XCBuildConfiguration section */
		FFF8895F270C4E0E00192C2F /* Debug */ = {
			isa = XCBuildConfiguration;
			buildSettings = {
				ALWAYS_SEARCH_USER_PATHS = NO;
				CLANG_ANALYZER_NONNULL = YES;
				CLANG_ANALYZER_NUMBER_OBJECT_CONVERSION = YES_AGGRESSIVE;
				CLANG_CXX_LANGUAGE_STANDARD = "gnu++14";
				CLANG_CXX_LIBRARY = "libc++";
				CLANG_ENABLE_MODULES = YES;
				CLANG_ENABLE_OBJC_ARC = YES;
				CLANG_ENABLE_OBJC_WEAK = YES;
				CLANG_WARN_BLOCK_CAPTURE_AUTORELEASING = YES;
				CLANG_WARN_BOOL_CONVERSION = YES;
				CLANG_WARN_COMMA = YES;
				CLANG_WARN_CONSTANT_CONVERSION = YES;
				CLANG_WARN_DEPRECATED_OBJC_IMPLEMENTATIONS = YES;
				CLANG_WARN_DIRECT_OBJC_ISA_USAGE = YES_ERROR;
				CLANG_WARN_DOCUMENTATION_COMMENTS = YES;
				CLANG_WARN_EMPTY_BODY = YES;
				CLANG_WARN_ENUM_CONVERSION = YES;
				CLANG_WARN_INFINITE_RECURSION = YES;
				CLANG_WARN_INT_CONVERSION = YES;
				CLANG_WARN_NON_LITERAL_NULL_CONVERSION = YES;
				CLANG_WARN_OBJC_IMPLICIT_RETAIN_SELF = YES;
				CLANG_WARN_OBJC_LITERAL_CONVERSION = YES;
				CLANG_WARN_OBJC_ROOT_CLASS = YES_ERROR;
				CLANG_WARN_QUOTED_INCLUDE_IN_FRAMEWORK_HEADER = YES;
				CLANG_WARN_RANGE_LOOP_ANALYSIS = YES;
				CLANG_WARN_STRICT_PROTOTYPES = YES;
				CLANG_WARN_SUSPICIOUS_MOVE = YES;
				CLANG_WARN_UNGUARDED_AVAILABILITY = YES_AGGRESSIVE;
				CLANG_WARN_UNREACHABLE_CODE = YES;
				CLANG_WARN__DUPLICATE_METHOD_MATCH = YES;
				COPY_PHASE_STRIP = NO;
				DEBUG_INFORMATION_FORMAT = dwarf;
				ENABLE_STRICT_OBJC_MSGSEND = YES;
				ENABLE_TESTABILITY = YES;
				GCC_C_LANGUAGE_STANDARD = gnu11;
				GCC_DYNAMIC_NO_PIC = NO;
				GCC_NO_COMMON_BLOCKS = YES;
				GCC_OPTIMIZATION_LEVEL = 0;
				GCC_PREPROCESSOR_DEFINITIONS = (
					"DEBUG=1",
					"$(inherited)",
				);
				GCC_WARN_64_TO_32_BIT_CONVERSION = YES;
				GCC_WARN_ABOUT_RETURN_TYPE = YES_ERROR;
				GCC_WARN_UNDECLARED_SELECTOR = YES;
				GCC_WARN_UNINITIALIZED_AUTOS = YES_AGGRESSIVE;
				GCC_WARN_UNUSED_FUNCTION = YES;
				GCC_WARN_UNUSED_VARIABLE = YES;
				IPHONEOS_DEPLOYMENT_TARGET = 14.2;
				MTL_ENABLE_DEBUG_INFO = INCLUDE_SOURCE;
				MTL_FAST_MATH = YES;
				ONLY_ACTIVE_ARCH = YES;
				SDKROOT = iphoneos;
				SWIFT_ACTIVE_COMPILATION_CONDITIONS = DEBUG;
				SWIFT_OPTIMIZATION_LEVEL = "-Onone";
			};
			name = Debug;
		};
		FFF88960270C4E0E00192C2F /* Release */ = {
			isa = XCBuildConfiguration;
			buildSettings = {
				ALWAYS_SEARCH_USER_PATHS = NO;
				CLANG_ANALYZER_NONNULL = YES;
				CLANG_ANALYZER_NUMBER_OBJECT_CONVERSION = YES_AGGRESSIVE;
				CLANG_CXX_LANGUAGE_STANDARD = "gnu++14";
				CLANG_CXX_LIBRARY = "libc++";
				CLANG_ENABLE_MODULES = YES;
				CLANG_ENABLE_OBJC_ARC = YES;
				CLANG_ENABLE_OBJC_WEAK = YES;
				CLANG_WARN_BLOCK_CAPTURE_AUTORELEASING = YES;
				CLANG_WARN_BOOL_CONVERSION = YES;
				CLANG_WARN_COMMA = YES;
				CLANG_WARN_CONSTANT_CONVERSION = YES;
				CLANG_WARN_DEPRECATED_OBJC_IMPLEMENTATIONS = YES;
				CLANG_WARN_DIRECT_OBJC_ISA_USAGE = YES_ERROR;
				CLANG_WARN_DOCUMENTATION_COMMENTS = YES;
				CLANG_WARN_EMPTY_BODY = YES;
				CLANG_WARN_ENUM_CONVERSION = YES;
				CLANG_WARN_INFINITE_RECURSION = YES;
				CLANG_WARN_INT_CONVERSION = YES;
				CLANG_WARN_NON_LITERAL_NULL_CONVERSION = YES;
				CLANG_WARN_OBJC_IMPLICIT_RETAIN_SELF = YES;
				CLANG_WARN_OBJC_LITERAL_CONVERSION = YES;
				CLANG_WARN_OBJC_ROOT_CLASS = YES_ERROR;
				CLANG_WARN_QUOTED_INCLUDE_IN_FRAMEWORK_HEADER = YES;
				CLANG_WARN_RANGE_LOOP_ANALYSIS = YES;
				CLANG_WARN_STRICT_PROTOTYPES = YES;
				CLANG_WARN_SUSPICIOUS_MOVE = YES;
				CLANG_WARN_UNGUARDED_AVAILABILITY = YES_AGGRESSIVE;
				CLANG_WARN_UNREACHABLE_CODE = YES;
				CLANG_WARN__DUPLICATE_METHOD_MATCH = YES;
				COPY_PHASE_STRIP = NO;
				DEBUG_INFORMATION_FORMAT = "dwarf-with-dsym";
				ENABLE_NS_ASSERTIONS = NO;
				ENABLE_STRICT_OBJC_MSGSEND = YES;
				GCC_C_LANGUAGE_STANDARD = gnu11;
				GCC_NO_COMMON_BLOCKS = YES;
				GCC_WARN_64_TO_32_BIT_CONVERSION = YES;
				GCC_WARN_ABOUT_RETURN_TYPE = YES_ERROR;
				GCC_WARN_UNDECLARED_SELECTOR = YES;
				GCC_WARN_UNINITIALIZED_AUTOS = YES_AGGRESSIVE;
				GCC_WARN_UNUSED_FUNCTION = YES;
				GCC_WARN_UNUSED_VARIABLE = YES;
				IPHONEOS_DEPLOYMENT_TARGET = 14.2;
				MTL_ENABLE_DEBUG_INFO = NO;
				MTL_FAST_MATH = YES;
				SDKROOT = iphoneos;
				SWIFT_COMPILATION_MODE = wholemodule;
				SWIFT_OPTIMIZATION_LEVEL = "-O";
				VALIDATE_PRODUCT = YES;
			};
			name = Release;
		};
		FFF88962270C4E0E00192C2F /* Debug */ = {
			isa = XCBuildConfiguration;
			buildSettings = {
				ASSETCATALOG_COMPILER_APPICON_NAME = AppIcon;
				ASSETCATALOG_COMPILER_GLOBAL_ACCENT_COLOR_NAME = AccentColor;
				CODE_SIGN_STYLE = Automatic;
				INFOPLIST_FILE = SideMenuDemo/Info.plist;
				IPHONEOS_DEPLOYMENT_TARGET = 14.2;
				LD_RUNPATH_SEARCH_PATHS = (
					"$(inherited)",
					"@executable_path/Frameworks",
				);
				PRODUCT_BUNDLE_IDENTIFIER = com.example.SideMenuDemo;
				PRODUCT_NAME = "$(TARGET_NAME)";
				SWIFT_VERSION = 5.0;
				TARGETED_DEVICE_FAMILY = "1,2";
			};
			name = Debug;
		};
		FFF88963270C4E0E00192C2F /* Release */ = {
			isa = XCBuildConfiguration;
			buildSettings = {
				ASSETCATALOG_COMPILER_APPICON_NAME = AppIcon;
				ASSETCATALOG_COMPILER_GLOBAL_ACCENT_COLOR_NAME = AccentColor;
				CODE_SIGN_STYLE = Automatic;
				INFOPLIST_FILE = SideMenuDemo/Info.plist;
				IPHONEOS_DEPLOYMENT_TARGET = 14.2;
				LD_RUNPATH_SEARCH_PATHS = (
					"$(inherited)",
					"@executable_path/Frameworks",
				);
				PRODUCT_BUNDLE_IDENTIFIER = com.example.SideMenuDemo;
				PRODUCT_NAME = "$(TARGET_NAME)";
				SWIFT_VERSION = 5.0;
				TARGETED_DEVICE_FAMILY = "1,2";
			};
			name = Release;
		};
/* End XCBuildConfiguration section */

/* Begin XCConfigurationList section */
		FFF88948270C4E0E00192C2F /* Build configuration list for PBXProject "SideMenuDemo" */ = {
			isa = XCConfigurationList;
			buildConfigurations = (
				FFF8895F270C4E0E00192C2F /* Debug */,
				FFF88960270C4E0E00192C2F /* Release */,
			);
			defaultConfigurationIsVisible = 0;
			defaultConfigurationName = Release;
		};
		FFF88961270C4E0E00192C2F /* Build configuration list for PBXNativeTarget "SideMenuDemo" */ = {
			isa = XCConfigurationList;
			buildConfigurations = (
				FFF88962270C4E0E00192C2F /* Debug */,
				FFF88963270C4E0E00192C2F /* Release */,
			);
			defaultConfigurationIsVisible = 0;
			defaultConfigurationName = Release;
		};
/* End XCConfigurationList section */
	};
	rootObject = FFF88945270C4E0E00192C2F /* Project object */;
}
